<?xml version="1.0" encoding="UTF-8" standalone="yes" ?>
<CodeBlocks_project_file>
	<FileVersion major="1" minor="6" />
	<Project>
		<Option title="icpc" />
		<Option pch_mode="2" />
		<Option compiler="gcc" />
		<Build>
			<Target title="Debug">
				<Option output="bin/Debug/icpc" prefix_auto="1" extension_auto="1" />
				<Option object_output="obj/Debug/" />
				<Option type="1" />
				<Option compiler="gcc" />
				<Compiler>
					<Add option="-g" />
					<Add option="-std=c++17" />
					<Add option="-fopenmp" />
				</Compiler>
				<Linker>
					<Add option="-Wl,--stack,46777216" />
				</Linker>
			</Target>
			<Target title="Release">
				<Option output="bin/Release/icpc" prefix_auto="1" extension_auto="1" />
				<Option object_output="obj/Release/" />
				<Option type="1" />
				<Option compiler="gcc" />
				<Compiler>
					<Add option="-march=corei7-avx" />
					<Add option="-O2" />
					<Add option="-Wshadow" />
					<Add option="-Wcast-align" />
					<Add option="-Wfloat-equal" />
					<Add option="-Winline" />
					<Add option="-Wmain" />
					<Add option="-std=c++1z" />
					<Add option="-m64" />
					<Add option="-DONLINE_JUDGE" />
				</Compiler>
				<Linker>
					<Add option="-s" />
					<Add option="-m64" />
				</Linker>
			</Target>
		</Build>
		<Compiler>
			<Add option="-Wall" />
		</Compiler>
		<Unit filename="1.in" />
		<Unit filename="1.out" />
		<Unit filename="Problems/counting/counting.cpp">
			<Option compile="0" />
			<Option link="0" />
		</Unit>
		<Unit filename="Problems/database/database.cpp">
			<Option compile="0" />
			<Option link="0" />
		</Unit>
		<Unit filename="Problems/database/gen.cpp">
			<Option compile="0" />
			<Option link="0" />
		</Unit>
		<Unit filename="Problems/generator.h" />
		<Unit filename="Problems/kcore/gen.cpp">
			<Option compile="0" />
			<Option link="0" />
		</Unit>
		<Unit filename="Problems/kcore/kcore.cpp">
			<Option compile="0" />
			<Option link="0" />
		</Unit>
		<Unit filename="Problems/kcore/tle1.cpp">
			<Option compile="0" />
			<Option link="0" />
		</Unit>
		<Unit filename="Problems/kthpos/gen.cpp">
			<Option compile="0" />
			<Option link="0" />
		</Unit>
		<Unit filename="Problems/kthpos/kthpos.cpp">
			<Option compile="0" />
			<Option link="0" />
		</Unit>
		<Unit filename="Problems/kthpos/tle1.cpp">
			<Option compile="0" />
			<Option link="0" />
		</Unit>
		<Unit filename="Problems/repeatersIII/gen.cpp">
			<Option compile="0" />
			<Option link="0" />
		</Unit>
		<Unit filename="Problems/repeatersIII/repeatersIII.cpp">
			<Option compile="0" />
			<Option link="0" />
		</Unit>
		<Unit filename="Problems/repeatersIII/tle1.cpp">
			<Option compile="0" />
			<Option link="0" />
		</Unit>
		<Unit filename="Problems/repeatersII/repeatersII.cpp">
			<Option compile="0" />
			<Option link="0" />
		</Unit>
		<Unit filename="Problems/repeatersIV/gen.cpp">
			<Option compile="0" />
			<Option link="0" />
		</Unit>
		<Unit filename="Problems/repeatersIV/repeatersIV.cpp">
			<Option compile="0" />
			<Option link="0" />
		</Unit>
		<Unit filename="Problems/repeatersIV/tle.cpp">
			<Option compile="0" />
			<Option link="0" />
		</Unit>
		<Unit filename="Problems/repeatersIX/gen.cpp">
			<Option compile="0" />
			<Option link="0" />
		</Unit>
		<Unit filename="Problems/repeatersIX/repeatersVII.cpp">
			<Option compile="0" />
			<Option link="0" />
		</Unit>
		<Unit filename="Problems/repeatersI/gen.cpp">
			<Option compile="0" />
			<Option link="0" />
		</Unit>
		<Unit filename="Problems/repeatersI/repeatersI.cpp">
			<Option compile="0" />
			<Option link="0" />
		</Unit>
		<Unit filename="Problems/repeatersI/tle1.cpp">
			<Option compile="0" />
			<Option link="0" />
		</Unit>
		<Unit filename="Problems/repeatersVIII/gen.cpp">
			<Option compile="0" />
			<Option link="0" />
		</Unit>
		<Unit filename="Problems/repeatersVIII/repeatersVIII-2.cpp">
			<Option compile="0" />
			<Option link="0" />
		</Unit>
		<Unit filename="Problems/repeatersVIII/repeatersVIII.cpp">
			<Option compile="0" />
			<Option link="0" />
		</Unit>
		<Unit filename="Problems/repeatersVII/gen.cpp">
			<Option compile="0" />
			<Option link="0" />
		</Unit>
		<Unit filename="Problems/repeatersVII/repeatersVII.cpp">
			<Option compile="0" />
			<Option link="0" />
		</Unit>
		<Unit filename="Problems/repeatersVII/tle.cpp">
			<Option compile="0" />
			<Option link="0" />
		</Unit>
		<Unit filename="Problems/repeatersVI/gen.cpp">
			<Option compile="0" />
			<Option link="0" />
		</Unit>
		<Unit filename="Problems/repeatersVI/repeatersVI.cpp">
			<Option compile="0" />
			<Option link="0" />
		</Unit>
		<Unit filename="Problems/repeatersXII/gen.cpp">
			<Option compile="0" />
			<Option link="0" />
		</Unit>
		<Unit filename="Problems/repeatersXII/repeatersXII.cpp">
			<Option compile="0" />
			<Option link="0" />
		</Unit>
		<Unit filename="Problems/repeatersXI/gen.cpp">
			<Option compile="0" />
			<Option link="0" />
		</Unit>
		<Unit filename="Problems/repeatersXI/repeatersXI.cpp">
			<Option compile="0" />
			<Option link="0" />
		</Unit>
		<Unit filename="Problems/repeatersX/gen.cpp">
			<Option compile="0" />
			<Option link="0" />
		</Unit>
		<Unit filename="Problems/repeatersX/repeatersX.cpp">
			<Option compile="0" />
			<Option link="0" />
		</Unit>
		<Unit filename="Problems/statistics/gen.cpp">
			<Option compile="0" />
			<Option link="0" />
		</Unit>
		<Unit filename="Problems/statistics/statistics.cpp">
			<Option compile="0" />
			<Option link="0" />
		</Unit>
		<Unit filename="Problems/substrings/digit_string_on_a_tree.cpp">
			<Option compile="0" />
			<Option link="0" />
		</Unit>
		<Unit filename="Problems/substrings/gen.cpp">
			<Option compile="0" />
			<Option link="0" />
		</Unit>
		<Unit filename="Problems/substrings/gen2.cpp">
			<Option compile="0" />
			<Option link="0" />
		</Unit>
		<Unit filename="Problems/substrings/substrings.cpp">
			<Option compile="0" />
			<Option link="0" />
		</Unit>
		<Unit filename="Problems/substrings/tle1.cpp">
			<Option compile="0" />
			<Option link="0" />
		</Unit>
		<Unit filename="Problems/substrings/tle2.cpp">
			<Option compile="0" />
			<Option link="0" />
		</Unit>
		<Unit filename="Problems/substrings/tle3.cpp">
			<Option compile="0" />
			<Option link="0" />
		</Unit>
		<Unit filename="Problems/throughput/gen.cpp">
			<Option compile="0" />
			<Option link="0" />
		</Unit>
		<Unit filename="Problems/throughput/throughput.cpp">
			<Option compile="0" />
			<Option link="0" />
		</Unit>
		<Unit filename="Problems/variance/gen.cpp">
			<Option compile="0" />
			<Option link="0" />
		</Unit>
		<Unit filename="Problems/variance/variance.cpp">
			<Option compile="0" />
			<Option link="0" />
		</Unit>
		<Unit filename="Problems/xorval/gen.cpp">
			<Option compile="0" />
			<Option link="0" />
		</Unit>
		<Unit filename="Problems/xorval/xorval.cpp">
			<Option compile="0" />
			<Option link="0" />
		</Unit>
		<Unit filename="Solved/Aizu1629.cpp">
			<Option compile="0" />
			<Option link="0" />
		</Unit>
		<Unit filename="Solved/CF1192B.cpp">
			<Option compile="0" />
			<Option link="0" />
		</Unit>
		<Unit filename="Solved/CF1218B.cpp">
			<Option compile="0" />
			<Option link="0" />
		</Unit>
		<Unit filename="Solved/Gym102012J.cpp">
			<Option compile="0" />
			<Option link="0" />
		</Unit>
		<Unit filename="Templates/DataStructures/LCA.h" />
		<Unit filename="Templates/DataStructures/basic_data_structures.h" />
		<Unit filename="Templates/DataStructures/divide_and_conquer.h" />
		<Unit filename="Templates/DataStructures/heavy_chain_decomposition.h" />
		<Unit filename="Templates/GraphTheory/basic_graph_algorithms.h" />
		<Unit filename="Templates/GraphTheory/flows_matchings.h" />
		<Unit filename="Templates/Math/Geometry/3d_geometry.h" />
		<Unit filename="Templates/Math/Geometry/basic_geometry_2d.h" />
		<Unit filename="Templates/Math/Geometry/convex_hull.h" />
		<Unit filename="Templates/Math/Geometry/testlib.h" />
		<Unit filename="Templates/Math/NumberTheory/basic_number_theory.h" />
		<Unit filename="Templates/Math/NumberTheory/multiplicative.h" />
		<Unit filename="Templates/Math/NumberTheory/primality.h" />
		<Unit filename="Templates/Math/bitwise.h" />
		<Unit filename="Templates/Math/convolution.h" />
		<Unit filename="Templates/Math/counting.h" />
		<Unit filename="Templates/Math/matrix.h" />
		<Unit filename="Templates/Math/misc.h" />
		<Unit filename="Templates/Math/polynomial.h" />
		<Unit filename="Templates/Math/precision.h" />
		<Unit filename="Templates/String/basic_string_algorithms.h" />
		<Unit filename="Templates/String/string_automata_arr.h" />
		<Unit filename="Templates/String/string_automata_ptr.h" />
		<Unit filename="Templates/String/suffix_array.h" />
		<Unit filename="Unsolved/Gym101981B.cpp">
			<Option compile="0" />
			<Option link="0" />
		</Unit>
		<Unit filename="Unsolved/Neko_And_Triangle.cpp">
			<Option compile="0" />
			<Option link="0" />
		</Unit>
		<Unit filename="Unsolved/P3676.cpp">
			<Option compile="0" />
			<Option link="0" />
		</Unit>
		<Unit filename="main.cpp" />
		<Extensions>
			<code_completion />
			<envvars />
			<debugger />
			<lib_finder disable_auto="1" />
		</Extensions>
	</Project>
</CodeBlocks_project_file>
